
Microsoft Visual Studio Solution File, Format Version 12.00
# Visual Studio 15
VisualStudioVersion = 15.0.27703.2035
MinimumVisualStudioVersion = 10.0.40219.1
Project("{8BC9CEB8-8B4A-11D0-8D11-00A0C91BC942}") = "Ejercicio20", "Ejercicio20\Ejercicio20.vcxproj", "{9368EFED-7B66-40A0-869D-A5EF3BCE70B1}"
EndProject
Project("{8BC9CEB8-8B4A-11D0-8D11-00A0C91BC942}") = "Ejercicio21", "Ejercicio21\Ejercicio21.vcxproj", "{4F70A422-4B77-4077-9AB6-78FE6C6F2360}"
EndProject
Project("{8BC9CEB8-8B4A-11D0-8D11-00A0C91BC942}") = "Ejercicio30", "Ejercicio30\Ejercicio30.vcxproj", "{898BA3FB-FE4B-4E43-A115-44F5D4208A19}"
EndProject
Project("{8BC9CEB8-8B4A-11D0-8D11-00A0C91BC942}") = "Ejercicio22", "Ejercicio22\Ejercicio22.vcxproj", "{1196A59B-B578-4046-849B-FC87682694CC}"
EndProject
Project("{8BC9CEB8-8B4A-11D0-8D11-00A0C91BC942}") = "Ejercicio31", "Ejercicio31\Ejercicio31.vcxproj", "{9D42BFD7-D56A-4FE8-BD27-9F40A93955FD}"
EndProject
Project("{8BC9CEB8-8B4A-11D0-8D11-00A0C91BC942}") = "Ejercicio33", "Ejercicio33\Ejercicio33.vcxproj", "{DBD30DAE-CEF6-4F18-BF6F-7FEF52B4C1E9}"
EndProject
Project("{8BC9CEB8-8B4A-11D0-8D11-00A0C91BC942}") = "Ejercicio23", "Ejercicio23\Ejercicio23.vcxproj", "{67A15339-E5D4-48CD-9D50-A0911C378E30}"
EndProject
Project("{8BC9CEB8-8B4A-11D0-8D11-00A0C91BC942}") = "Ejercicio3A", "Ejercicio3A\Ejercicio3A.vcxproj", "{0A43219F-0D03-4526-B0FF-7845E3252881}"
EndProject
Project("{8BC9CEB8-8B4A-11D0-8D11-00A0C91BC942}") = "Ejercicio25", "Ejercicio25\Ejercicio25.vcxproj", "{66CCABC6-AB72-4B88-AB79-0448331D8502}"
EndProject
Project("{8BC9CEB8-8B4A-11D0-8D11-00A0C91BC942}") = "Ejercicio24", "Ejercicio24\Ejercicio24.vcxproj", "{CD5B9414-86CE-4272-9F9E-45CE953DE066}"
EndProject
Project("{8BC9CEB8-8B4A-11D0-8D11-00A0C91BC942}") = "Ejercicio32", "Ejercicio32\Ejercicio32.vcxproj", "{244843E0-5DC3-4CEF-80E9-AA2C54407C05}"
EndProject
Project("{8BC9CEB8-8B4A-11D0-8D11-00A0C91BC942}") = "Ejercicio32A", "Ejercicio32A\Ejercicio32A.vcxproj", "{081168A9-A1D8-4828-96B6-C0167F1F8990}"
EndProject
Project("{8BC9CEB8-8B4A-11D0-8D11-00A0C91BC942}") = "Ejercicio34", "Ejercicio34\Ejercicio34.vcxproj", "{1AD183EE-6CB6-4CC1-B1C0-05B729D3EC3F}"
EndProject
Project("{8BC9CEB8-8B4A-11D0-8D11-00A0C91BC942}") = "Ejercicio36", "Ejercicio36\Ejercicio36.vcxproj", "{CAEEFB1A-7D14-45D6-8F49-F600E3B5491F}"
EndProject
Project("{8BC9CEB8-8B4A-11D0-8D11-00A0C91BC942}") = "Ejercicio37", "Ejercicio37\Ejercicio37.vcxproj", "{E9B733E7-FBD1-491D-990F-B5FC180C0D33}"
EndProject
Project("{8BC9CEB8-8B4A-11D0-8D11-00A0C91BC942}") = "Ejercicio38", "Ejercicio38\Ejercicio38.vcxproj", "{6D8EF8CF-B70B-4694-A150-112B75B6E1EE}"
EndProject
Project("{8BC9CEB8-8B4A-11D0-8D11-00A0C91BC942}") = "Ejercicio39", "Ejercicio39\Ejercicio39.vcxproj", "{E72B2BCA-1725-4E75-B5D6-33419BAA3949}"
EndProject
Project("{8BC9CEB8-8B4A-11D0-8D11-00A0C91BC942}") = "Ejercicio3B", "Ejercicio3B\Ejercicio3B.vcxproj", "{ED72E9A6-5974-454B-9C4A-E76FA4A5C01C}"
EndProject
Project("{8BC9CEB8-8B4A-11D0-8D11-00A0C91BC942}") = "Ejercicio3C", "Ejercicio3C\Ejercicio3C.vcxproj", "{4018B6C5-2E39-4D05-AE01-829E52BF0179}"
EndProject
Project("{8BC9CEB8-8B4A-11D0-8D11-00A0C91BC942}") = "Ejercicio50", "Ejercicio50\Ejercicio50.vcxproj", "{12F1EAC2-8223-48A4-97E1-194830A31C23}"
EndProject
Project("{8BC9CEB8-8B4A-11D0-8D11-00A0C91BC942}") = "Ejercicio51", "Ejercicio51\Ejercicio51.vcxproj", "{417AA840-1C26-4FE8-AE41-F6FB73CD1972}"
EndProject
Project("{8BC9CEB8-8B4A-11D0-8D11-00A0C91BC942}") = "Ejercicio52", "Ejercicio52\Ejercicio52.vcxproj", "{122D8ABC-DEFA-4E6C-A0E7-3C7B67A71358}"
EndProject
Project("{8BC9CEB8-8B4A-11D0-8D11-00A0C91BC942}") = "Ejercicio53", "Ejercicio53\Ejercicio53.vcxproj", "{D01D8EC2-C7CE-4673-A7CC-2658EC3A225F}"
EndProject
Project("{8BC9CEB8-8B4A-11D0-8D11-00A0C91BC942}") = "Ejercicio54", "Ejercicio54\Ejercicio54.vcxproj", "{B71B6EDB-2A4E-4839-A10E-ECCB6E4DA692}"
EndProject
Project("{8BC9CEB8-8B4A-11D0-8D11-00A0C91BC942}") = "Ejercicio55", "Ejercicio55\Ejercicio55.vcxproj", "{C1FE29EC-9EFE-48B1-AFB8-F3BBFCDFD141}"
EndProject
Project("{8BC9CEB8-8B4A-11D0-8D11-00A0C91BC942}") = "Ejercicio56", "Ejercicio56\Ejercicio56.vcxproj", "{5B181AF0-34FE-4C6E-A556-461559D5DF0A}"
EndProject
Project("{8BC9CEB8-8B4A-11D0-8D11-00A0C91BC942}") = "Ejercicio5A", "Ejercicio5A\Ejercicio5A.vcxproj", "{246BFE9F-1CD0-49CB-A5C2-EAE1485BB4DD}"
EndProject
Project("{8BC9CEB8-8B4A-11D0-8D11-00A0C91BC942}") = "Ejercicio60", "Ejercicio60\Ejercicio60.vcxproj", "{C3EF8B24-BC51-41B1-B57F-4DB0348A0BF9}"
EndProject
Project("{8BC9CEB8-8B4A-11D0-8D11-00A0C91BC942}") = "Ejercicio61", "Ejercicio61\Ejercicio61.vcxproj", "{E4F7E85C-4B1A-465A-BD1E-45C234C639BD}"
EndProject
Project("{8BC9CEB8-8B4A-11D0-8D11-00A0C91BC942}") = "Ejercicio62", "Ejercicio62\Ejercicio62.vcxproj", "{3A849219-FC36-4813-8254-3E6C263D61A6}"
EndProject
Project("{8BC9CEB8-8B4A-11D0-8D11-00A0C91BC942}") = "Ejercicio63", "Ejercicio63\Ejercicio63.vcxproj", "{068635FD-6BFE-4F7B-B1CF-566A52CED9B2}"
EndProject
Project("{8BC9CEB8-8B4A-11D0-8D11-00A0C91BC942}") = "Ejercicio64", "Ejercicio64\Ejercicio64.vcxproj", "{FCEA29A1-EF7A-49BB-8F4C-E88B0302F165}"
EndProject
Project("{8BC9CEB8-8B4A-11D0-8D11-00A0C91BC942}") = "Ejercicio67", "Ejercicio67\Ejercicio67.vcxproj", "{9AC44AC8-2245-40AD-B8BE-E8CDE82BA2F4}"
EndProject
Project("{8BC9CEB8-8B4A-11D0-8D11-00A0C91BC942}") = "Ejercicio68", "Ejercicio68\Ejercicio68.vcxproj", "{CEB3156B-76BE-46DC-8C8B-1B403AFB8894}"
EndProject
Project("{8BC9CEB8-8B4A-11D0-8D11-00A0C91BC942}") = "Aibofobia", "Aibofobia\Aibofobia.vcxproj", "{6B251FCB-CAB5-4E42-ACFF-C7B572B766D7}"
EndProject
Global
	GlobalSection(SolutionConfigurationPlatforms) = preSolution
		Debug|x64 = Debug|x64
		Debug|x86 = Debug|x86
		Release|x64 = Release|x64
		Release|x86 = Release|x86
	EndGlobalSection
	GlobalSection(ProjectConfigurationPlatforms) = postSolution
		{9368EFED-7B66-40A0-869D-A5EF3BCE70B1}.Debug|x64.ActiveCfg = Debug|x64
		{9368EFED-7B66-40A0-869D-A5EF3BCE70B1}.Debug|x64.Build.0 = Debug|x64
		{9368EFED-7B66-40A0-869D-A5EF3BCE70B1}.Debug|x86.ActiveCfg = Debug|Win32
		{9368EFED-7B66-40A0-869D-A5EF3BCE70B1}.Debug|x86.Build.0 = Debug|Win32
		{9368EFED-7B66-40A0-869D-A5EF3BCE70B1}.Release|x64.ActiveCfg = Release|x64
		{9368EFED-7B66-40A0-869D-A5EF3BCE70B1}.Release|x64.Build.0 = Release|x64
		{9368EFED-7B66-40A0-869D-A5EF3BCE70B1}.Release|x86.ActiveCfg = Release|Win32
		{9368EFED-7B66-40A0-869D-A5EF3BCE70B1}.Release|x86.Build.0 = Release|Win32
		{4F70A422-4B77-4077-9AB6-78FE6C6F2360}.Debug|x64.ActiveCfg = Debug|x64
		{4F70A422-4B77-4077-9AB6-78FE6C6F2360}.Debug|x64.Build.0 = Debug|x64
		{4F70A422-4B77-4077-9AB6-78FE6C6F2360}.Debug|x86.ActiveCfg = Debug|Win32
		{4F70A422-4B77-4077-9AB6-78FE6C6F2360}.Debug|x86.Build.0 = Debug|Win32
		{4F70A422-4B77-4077-9AB6-78FE6C6F2360}.Release|x64.ActiveCfg = Release|x64
		{4F70A422-4B77-4077-9AB6-78FE6C6F2360}.Release|x64.Build.0 = Release|x64
		{4F70A422-4B77-4077-9AB6-78FE6C6F2360}.Release|x86.ActiveCfg = Release|Win32
		{4F70A422-4B77-4077-9AB6-78FE6C6F2360}.Release|x86.Build.0 = Release|Win32
		{898BA3FB-FE4B-4E43-A115-44F5D4208A19}.Debug|x64.ActiveCfg = Debug|x64
		{898BA3FB-FE4B-4E43-A115-44F5D4208A19}.Debug|x64.Build.0 = Debug|x64
		{898BA3FB-FE4B-4E43-A115-44F5D4208A19}.Debug|x86.ActiveCfg = Debug|Win32
		{898BA3FB-FE4B-4E43-A115-44F5D4208A19}.Debug|x86.Build.0 = Debug|Win32
		{898BA3FB-FE4B-4E43-A115-44F5D4208A19}.Release|x64.ActiveCfg = Release|x64
		{898BA3FB-FE4B-4E43-A115-44F5D4208A19}.Release|x64.Build.0 = Release|x64
		{898BA3FB-FE4B-4E43-A115-44F5D4208A19}.Release|x86.ActiveCfg = Release|Win32
		{898BA3FB-FE4B-4E43-A115-44F5D4208A19}.Release|x86.Build.0 = Release|Win32
		{1196A59B-B578-4046-849B-FC87682694CC}.Debug|x64.ActiveCfg = Debug|x64
		{1196A59B-B578-4046-849B-FC87682694CC}.Debug|x64.Build.0 = Debug|x64
		{1196A59B-B578-4046-849B-FC87682694CC}.Debug|x86.ActiveCfg = Debug|Win32
		{1196A59B-B578-4046-849B-FC87682694CC}.Debug|x86.Build.0 = Debug|Win32
		{1196A59B-B578-4046-849B-FC87682694CC}.Release|x64.ActiveCfg = Release|x64
		{1196A59B-B578-4046-849B-FC87682694CC}.Release|x64.Build.0 = Release|x64
		{1196A59B-B578-4046-849B-FC87682694CC}.Release|x86.ActiveCfg = Release|Win32
		{1196A59B-B578-4046-849B-FC87682694CC}.Release|x86.Build.0 = Release|Win32
		{9D42BFD7-D56A-4FE8-BD27-9F40A93955FD}.Debug|x64.ActiveCfg = Debug|x64
		{9D42BFD7-D56A-4FE8-BD27-9F40A93955FD}.Debug|x64.Build.0 = Debug|x64
		{9D42BFD7-D56A-4FE8-BD27-9F40A93955FD}.Debug|x86.ActiveCfg = Debug|Win32
		{9D42BFD7-D56A-4FE8-BD27-9F40A93955FD}.Debug|x86.Build.0 = Debug|Win32
		{9D42BFD7-D56A-4FE8-BD27-9F40A93955FD}.Release|x64.ActiveCfg = Release|x64
		{9D42BFD7-D56A-4FE8-BD27-9F40A93955FD}.Release|x64.Build.0 = Release|x64
		{9D42BFD7-D56A-4FE8-BD27-9F40A93955FD}.Release|x86.ActiveCfg = Release|Win32
		{9D42BFD7-D56A-4FE8-BD27-9F40A93955FD}.Release|x86.Build.0 = Release|Win32
		{DBD30DAE-CEF6-4F18-BF6F-7FEF52B4C1E9}.Debug|x64.ActiveCfg = Debug|x64
		{DBD30DAE-CEF6-4F18-BF6F-7FEF52B4C1E9}.Debug|x64.Build.0 = Debug|x64
		{DBD30DAE-CEF6-4F18-BF6F-7FEF52B4C1E9}.Debug|x86.ActiveCfg = Debug|Win32
		{DBD30DAE-CEF6-4F18-BF6F-7FEF52B4C1E9}.Debug|x86.Build.0 = Debug|Win32
		{DBD30DAE-CEF6-4F18-BF6F-7FEF52B4C1E9}.Release|x64.ActiveCfg = Release|x64
		{DBD30DAE-CEF6-4F18-BF6F-7FEF52B4C1E9}.Release|x64.Build.0 = Release|x64
		{DBD30DAE-CEF6-4F18-BF6F-7FEF52B4C1E9}.Release|x86.ActiveCfg = Release|Win32
		{DBD30DAE-CEF6-4F18-BF6F-7FEF52B4C1E9}.Release|x86.Build.0 = Release|Win32
		{67A15339-E5D4-48CD-9D50-A0911C378E30}.Debug|x64.ActiveCfg = Debug|x64
		{67A15339-E5D4-48CD-9D50-A0911C378E30}.Debug|x64.Build.0 = Debug|x64
		{67A15339-E5D4-48CD-9D50-A0911C378E30}.Debug|x86.ActiveCfg = Debug|Win32
		{67A15339-E5D4-48CD-9D50-A0911C378E30}.Debug|x86.Build.0 = Debug|Win32
		{67A15339-E5D4-48CD-9D50-A0911C378E30}.Release|x64.ActiveCfg = Release|x64
		{67A15339-E5D4-48CD-9D50-A0911C378E30}.Release|x64.Build.0 = Release|x64
		{67A15339-E5D4-48CD-9D50-A0911C378E30}.Release|x86.ActiveCfg = Release|Win32
		{67A15339-E5D4-48CD-9D50-A0911C378E30}.Release|x86.Build.0 = Release|Win32
		{0A43219F-0D03-4526-B0FF-7845E3252881}.Debug|x64.ActiveCfg = Debug|x64
		{0A43219F-0D03-4526-B0FF-7845E3252881}.Debug|x64.Build.0 = Debug|x64
		{0A43219F-0D03-4526-B0FF-7845E3252881}.Debug|x86.ActiveCfg = Debug|Win32
		{0A43219F-0D03-4526-B0FF-7845E3252881}.Debug|x86.Build.0 = Debug|Win32
		{0A43219F-0D03-4526-B0FF-7845E3252881}.Release|x64.ActiveCfg = Release|x64
		{0A43219F-0D03-4526-B0FF-7845E3252881}.Release|x64.Build.0 = Release|x64
		{0A43219F-0D03-4526-B0FF-7845E3252881}.Release|x86.ActiveCfg = Release|Win32
		{0A43219F-0D03-4526-B0FF-7845E3252881}.Release|x86.Build.0 = Release|Win32
		{66CCABC6-AB72-4B88-AB79-0448331D8502}.Debug|x64.ActiveCfg = Debug|x64
		{66CCABC6-AB72-4B88-AB79-0448331D8502}.Debug|x64.Build.0 = Debug|x64
		{66CCABC6-AB72-4B88-AB79-0448331D8502}.Debug|x86.ActiveCfg = Debug|Win32
		{66CCABC6-AB72-4B88-AB79-0448331D8502}.Debug|x86.Build.0 = Debug|Win32
		{66CCABC6-AB72-4B88-AB79-0448331D8502}.Release|x64.ActiveCfg = Release|x64
		{66CCABC6-AB72-4B88-AB79-0448331D8502}.Release|x64.Build.0 = Release|x64
		{66CCABC6-AB72-4B88-AB79-0448331D8502}.Release|x86.ActiveCfg = Release|Win32
		{66CCABC6-AB72-4B88-AB79-0448331D8502}.Release|x86.Build.0 = Release|Win32
		{CD5B9414-86CE-4272-9F9E-45CE953DE066}.Debug|x64.ActiveCfg = Debug|x64
		{CD5B9414-86CE-4272-9F9E-45CE953DE066}.Debug|x64.Build.0 = Debug|x64
		{CD5B9414-86CE-4272-9F9E-45CE953DE066}.Debug|x86.ActiveCfg = Debug|Win32
		{CD5B9414-86CE-4272-9F9E-45CE953DE066}.Debug|x86.Build.0 = Debug|Win32
		{CD5B9414-86CE-4272-9F9E-45CE953DE066}.Release|x64.ActiveCfg = Release|x64
		{CD5B9414-86CE-4272-9F9E-45CE953DE066}.Release|x64.Build.0 = Release|x64
		{CD5B9414-86CE-4272-9F9E-45CE953DE066}.Release|x86.ActiveCfg = Release|Win32
		{CD5B9414-86CE-4272-9F9E-45CE953DE066}.Release|x86.Build.0 = Release|Win32
		{244843E0-5DC3-4CEF-80E9-AA2C54407C05}.Debug|x64.ActiveCfg = Debug|x64
		{244843E0-5DC3-4CEF-80E9-AA2C54407C05}.Debug|x64.Build.0 = Debug|x64
		{244843E0-5DC3-4CEF-80E9-AA2C54407C05}.Debug|x86.ActiveCfg = Debug|Win32
		{244843E0-5DC3-4CEF-80E9-AA2C54407C05}.Debug|x86.Build.0 = Debug|Win32
		{244843E0-5DC3-4CEF-80E9-AA2C54407C05}.Release|x64.ActiveCfg = Release|x64
		{244843E0-5DC3-4CEF-80E9-AA2C54407C05}.Release|x64.Build.0 = Release|x64
		{244843E0-5DC3-4CEF-80E9-AA2C54407C05}.Release|x86.ActiveCfg = Release|Win32
		{244843E0-5DC3-4CEF-80E9-AA2C54407C05}.Release|x86.Build.0 = Release|Win32
		{081168A9-A1D8-4828-96B6-C0167F1F8990}.Debug|x64.ActiveCfg = Debug|x64
		{081168A9-A1D8-4828-96B6-C0167F1F8990}.Debug|x64.Build.0 = Debug|x64
		{081168A9-A1D8-4828-96B6-C0167F1F8990}.Debug|x86.ActiveCfg = Debug|Win32
		{081168A9-A1D8-4828-96B6-C0167F1F8990}.Debug|x86.Build.0 = Debug|Win32
		{081168A9-A1D8-4828-96B6-C0167F1F8990}.Release|x64.ActiveCfg = Release|x64
		{081168A9-A1D8-4828-96B6-C0167F1F8990}.Release|x64.Build.0 = Release|x64
		{081168A9-A1D8-4828-96B6-C0167F1F8990}.Release|x86.ActiveCfg = Release|Win32
		{081168A9-A1D8-4828-96B6-C0167F1F8990}.Release|x86.Build.0 = Release|Win32
		{1AD183EE-6CB6-4CC1-B1C0-05B729D3EC3F}.Debug|x64.ActiveCfg = Debug|x64
		{1AD183EE-6CB6-4CC1-B1C0-05B729D3EC3F}.Debug|x64.Build.0 = Debug|x64
		{1AD183EE-6CB6-4CC1-B1C0-05B729D3EC3F}.Debug|x86.ActiveCfg = Debug|Win32
		{1AD183EE-6CB6-4CC1-B1C0-05B729D3EC3F}.Debug|x86.Build.0 = Debug|Win32
		{1AD183EE-6CB6-4CC1-B1C0-05B729D3EC3F}.Release|x64.ActiveCfg = Release|x64
		{1AD183EE-6CB6-4CC1-B1C0-05B729D3EC3F}.Release|x64.Build.0 = Release|x64
		{1AD183EE-6CB6-4CC1-B1C0-05B729D3EC3F}.Release|x86.ActiveCfg = Release|Win32
		{1AD183EE-6CB6-4CC1-B1C0-05B729D3EC3F}.Release|x86.Build.0 = Release|Win32
		{CAEEFB1A-7D14-45D6-8F49-F600E3B5491F}.Debug|x64.ActiveCfg = Debug|x64
		{CAEEFB1A-7D14-45D6-8F49-F600E3B5491F}.Debug|x64.Build.0 = Debug|x64
		{CAEEFB1A-7D14-45D6-8F49-F600E3B5491F}.Debug|x86.ActiveCfg = Debug|Win32
		{CAEEFB1A-7D14-45D6-8F49-F600E3B5491F}.Debug|x86.Build.0 = Debug|Win32
		{CAEEFB1A-7D14-45D6-8F49-F600E3B5491F}.Release|x64.ActiveCfg = Release|x64
		{CAEEFB1A-7D14-45D6-8F49-F600E3B5491F}.Release|x64.Build.0 = Release|x64
		{CAEEFB1A-7D14-45D6-8F49-F600E3B5491F}.Release|x86.ActiveCfg = Release|Win32
		{CAEEFB1A-7D14-45D6-8F49-F600E3B5491F}.Release|x86.Build.0 = Release|Win32
		{E9B733E7-FBD1-491D-990F-B5FC180C0D33}.Debug|x64.ActiveCfg = Debug|x64
		{E9B733E7-FBD1-491D-990F-B5FC180C0D33}.Debug|x64.Build.0 = Debug|x64
		{E9B733E7-FBD1-491D-990F-B5FC180C0D33}.Debug|x86.ActiveCfg = Debug|Win32
		{E9B733E7-FBD1-491D-990F-B5FC180C0D33}.Debug|x86.Build.0 = Debug|Win32
		{E9B733E7-FBD1-491D-990F-B5FC180C0D33}.Release|x64.ActiveCfg = Release|x64
		{E9B733E7-FBD1-491D-990F-B5FC180C0D33}.Release|x64.Build.0 = Release|x64
		{E9B733E7-FBD1-491D-990F-B5FC180C0D33}.Release|x86.ActiveCfg = Release|Win32
		{E9B733E7-FBD1-491D-990F-B5FC180C0D33}.Release|x86.Build.0 = Release|Win32
		{6D8EF8CF-B70B-4694-A150-112B75B6E1EE}.Debug|x64.ActiveCfg = Debug|x64
		{6D8EF8CF-B70B-4694-A150-112B75B6E1EE}.Debug|x64.Build.0 = Debug|x64
		{6D8EF8CF-B70B-4694-A150-112B75B6E1EE}.Debug|x86.ActiveCfg = Debug|Win32
		{6D8EF8CF-B70B-4694-A150-112B75B6E1EE}.Debug|x86.Build.0 = Debug|Win32
		{6D8EF8CF-B70B-4694-A150-112B75B6E1EE}.Release|x64.ActiveCfg = Release|x64
		{6D8EF8CF-B70B-4694-A150-112B75B6E1EE}.Release|x64.Build.0 = Release|x64
		{6D8EF8CF-B70B-4694-A150-112B75B6E1EE}.Release|x86.ActiveCfg = Release|Win32
		{6D8EF8CF-B70B-4694-A150-112B75B6E1EE}.Release|x86.Build.0 = Release|Win32
		{E72B2BCA-1725-4E75-B5D6-33419BAA3949}.Debug|x64.ActiveCfg = Debug|x64
		{E72B2BCA-1725-4E75-B5D6-33419BAA3949}.Debug|x64.Build.0 = Debug|x64
		{E72B2BCA-1725-4E75-B5D6-33419BAA3949}.Debug|x86.ActiveCfg = Debug|Win32
		{E72B2BCA-1725-4E75-B5D6-33419BAA3949}.Debug|x86.Build.0 = Debug|Win32
		{E72B2BCA-1725-4E75-B5D6-33419BAA3949}.Release|x64.ActiveCfg = Release|x64
		{E72B2BCA-1725-4E75-B5D6-33419BAA3949}.Release|x64.Build.0 = Release|x64
		{E72B2BCA-1725-4E75-B5D6-33419BAA3949}.Release|x86.ActiveCfg = Release|Win32
		{E72B2BCA-1725-4E75-B5D6-33419BAA3949}.Release|x86.Build.0 = Release|Win32
		{ED72E9A6-5974-454B-9C4A-E76FA4A5C01C}.Debug|x64.ActiveCfg = Debug|x64
		{ED72E9A6-5974-454B-9C4A-E76FA4A5C01C}.Debug|x64.Build.0 = Debug|x64
		{ED72E9A6-5974-454B-9C4A-E76FA4A5C01C}.Debug|x86.ActiveCfg = Debug|Win32
		{ED72E9A6-5974-454B-9C4A-E76FA4A5C01C}.Debug|x86.Build.0 = Debug|Win32
		{ED72E9A6-5974-454B-9C4A-E76FA4A5C01C}.Release|x64.ActiveCfg = Release|x64
		{ED72E9A6-5974-454B-9C4A-E76FA4A5C01C}.Release|x64.Build.0 = Release|x64
		{ED72E9A6-5974-454B-9C4A-E76FA4A5C01C}.Release|x86.ActiveCfg = Release|Win32
		{ED72E9A6-5974-454B-9C4A-E76FA4A5C01C}.Release|x86.Build.0 = Release|Win32
		{4018B6C5-2E39-4D05-AE01-829E52BF0179}.Debug|x64.ActiveCfg = Debug|x64
		{4018B6C5-2E39-4D05-AE01-829E52BF0179}.Debug|x64.Build.0 = Debug|x64
		{4018B6C5-2E39-4D05-AE01-829E52BF0179}.Debug|x86.ActiveCfg = Debug|Win32
		{4018B6C5-2E39-4D05-AE01-829E52BF0179}.Debug|x86.Build.0 = Debug|Win32
		{4018B6C5-2E39-4D05-AE01-829E52BF0179}.Release|x64.ActiveCfg = Release|x64
		{4018B6C5-2E39-4D05-AE01-829E52BF0179}.Release|x64.Build.0 = Release|x64
		{4018B6C5-2E39-4D05-AE01-829E52BF0179}.Release|x86.ActiveCfg = Release|Win32
		{4018B6C5-2E39-4D05-AE01-829E52BF0179}.Release|x86.Build.0 = Release|Win32
		{12F1EAC2-8223-48A4-97E1-194830A31C23}.Debug|x64.ActiveCfg = Debug|x64
		{12F1EAC2-8223-48A4-97E1-194830A31C23}.Debug|x64.Build.0 = Debug|x64
		{12F1EAC2-8223-48A4-97E1-194830A31C23}.Debug|x86.ActiveCfg = Debug|Win32
		{12F1EAC2-8223-48A4-97E1-194830A31C23}.Debug|x86.Build.0 = Debug|Win32
		{12F1EAC2-8223-48A4-97E1-194830A31C23}.Release|x64.ActiveCfg = Release|x64
		{12F1EAC2-8223-48A4-97E1-194830A31C23}.Release|x64.Build.0 = Release|x64
		{12F1EAC2-8223-48A4-97E1-194830A31C23}.Release|x86.ActiveCfg = Release|Win32
		{12F1EAC2-8223-48A4-97E1-194830A31C23}.Release|x86.Build.0 = Release|Win32
		{417AA840-1C26-4FE8-AE41-F6FB73CD1972}.Debug|x64.ActiveCfg = Debug|x64
		{417AA840-1C26-4FE8-AE41-F6FB73CD1972}.Debug|x64.Build.0 = Debug|x64
		{417AA840-1C26-4FE8-AE41-F6FB73CD1972}.Debug|x86.ActiveCfg = Debug|Win32
		{417AA840-1C26-4FE8-AE41-F6FB73CD1972}.Debug|x86.Build.0 = Debug|Win32
		{417AA840-1C26-4FE8-AE41-F6FB73CD1972}.Release|x64.ActiveCfg = Release|x64
		{417AA840-1C26-4FE8-AE41-F6FB73CD1972}.Release|x64.Build.0 = Release|x64
		{417AA840-1C26-4FE8-AE41-F6FB73CD1972}.Release|x86.ActiveCfg = Release|Win32
		{417AA840-1C26-4FE8-AE41-F6FB73CD1972}.Release|x86.Build.0 = Release|Win32
		{122D8ABC-DEFA-4E6C-A0E7-3C7B67A71358}.Debug|x64.ActiveCfg = Debug|x64
		{122D8ABC-DEFA-4E6C-A0E7-3C7B67A71358}.Debug|x64.Build.0 = Debug|x64
		{122D8ABC-DEFA-4E6C-A0E7-3C7B67A71358}.Debug|x86.ActiveCfg = Debug|Win32
		{122D8ABC-DEFA-4E6C-A0E7-3C7B67A71358}.Debug|x86.Build.0 = Debug|Win32
		{122D8ABC-DEFA-4E6C-A0E7-3C7B67A71358}.Release|x64.ActiveCfg = Release|x64
		{122D8ABC-DEFA-4E6C-A0E7-3C7B67A71358}.Release|x64.Build.0 = Release|x64
		{122D8ABC-DEFA-4E6C-A0E7-3C7B67A71358}.Release|x86.ActiveCfg = Release|Win32
		{122D8ABC-DEFA-4E6C-A0E7-3C7B67A71358}.Release|x86.Build.0 = Release|Win32
		{D01D8EC2-C7CE-4673-A7CC-2658EC3A225F}.Debug|x64.ActiveCfg = Debug|x64
		{D01D8EC2-C7CE-4673-A7CC-2658EC3A225F}.Debug|x64.Build.0 = Debug|x64
		{D01D8EC2-C7CE-4673-A7CC-2658EC3A225F}.Debug|x86.ActiveCfg = Debug|Win32
		{D01D8EC2-C7CE-4673-A7CC-2658EC3A225F}.Debug|x86.Build.0 = Debug|Win32
		{D01D8EC2-C7CE-4673-A7CC-2658EC3A225F}.Release|x64.ActiveCfg = Release|x64
		{D01D8EC2-C7CE-4673-A7CC-2658EC3A225F}.Release|x64.Build.0 = Release|x64
		{D01D8EC2-C7CE-4673-A7CC-2658EC3A225F}.Release|x86.ActiveCfg = Release|Win32
		{D01D8EC2-C7CE-4673-A7CC-2658EC3A225F}.Release|x86.Build.0 = Release|Win32
		{B71B6EDB-2A4E-4839-A10E-ECCB6E4DA692}.Debug|x64.ActiveCfg = Debug|x64
		{B71B6EDB-2A4E-4839-A10E-ECCB6E4DA692}.Debug|x64.Build.0 = Debug|x64
		{B71B6EDB-2A4E-4839-A10E-ECCB6E4DA692}.Debug|x86.ActiveCfg = Debug|Win32
		{B71B6EDB-2A4E-4839-A10E-ECCB6E4DA692}.Debug|x86.Build.0 = Debug|Win32
		{B71B6EDB-2A4E-4839-A10E-ECCB6E4DA692}.Release|x64.ActiveCfg = Release|x64
		{B71B6EDB-2A4E-4839-A10E-ECCB6E4DA692}.Release|x64.Build.0 = Release|x64
		{B71B6EDB-2A4E-4839-A10E-ECCB6E4DA692}.Release|x86.ActiveCfg = Release|Win32
		{B71B6EDB-2A4E-4839-A10E-ECCB6E4DA692}.Release|x86.Build.0 = Release|Win32
		{C1FE29EC-9EFE-48B1-AFB8-F3BBFCDFD141}.Debug|x64.ActiveCfg = Debug|x64
		{C1FE29EC-9EFE-48B1-AFB8-F3BBFCDFD141}.Debug|x64.Build.0 = Debug|x64
		{C1FE29EC-9EFE-48B1-AFB8-F3BBFCDFD141}.Debug|x86.ActiveCfg = Debug|Win32
		{C1FE29EC-9EFE-48B1-AFB8-F3BBFCDFD141}.Debug|x86.Build.0 = Debug|Win32
		{C1FE29EC-9EFE-48B1-AFB8-F3BBFCDFD141}.Release|x64.ActiveCfg = Release|x64
		{C1FE29EC-9EFE-48B1-AFB8-F3BBFCDFD141}.Release|x64.Build.0 = Release|x64
		{C1FE29EC-9EFE-48B1-AFB8-F3BBFCDFD141}.Release|x86.ActiveCfg = Release|Win32
		{C1FE29EC-9EFE-48B1-AFB8-F3BBFCDFD141}.Release|x86.Build.0 = Release|Win32
		{5B181AF0-34FE-4C6E-A556-461559D5DF0A}.Debug|x64.ActiveCfg = Debug|x64
		{5B181AF0-34FE-4C6E-A556-461559D5DF0A}.Debug|x64.Build.0 = Debug|x64
		{5B181AF0-34FE-4C6E-A556-461559D5DF0A}.Debug|x86.ActiveCfg = Debug|Win32
		{5B181AF0-34FE-4C6E-A556-461559D5DF0A}.Debug|x86.Build.0 = Debug|Win32
		{5B181AF0-34FE-4C6E-A556-461559D5DF0A}.Release|x64.ActiveCfg = Release|x64
		{5B181AF0-34FE-4C6E-A556-461559D5DF0A}.Release|x64.Build.0 = Release|x64
		{5B181AF0-34FE-4C6E-A556-461559D5DF0A}.Release|x86.ActiveCfg = Release|Win32
		{5B181AF0-34FE-4C6E-A556-461559D5DF0A}.Release|x86.Build.0 = Release|Win32
		{246BFE9F-1CD0-49CB-A5C2-EAE1485BB4DD}.Debug|x64.ActiveCfg = Debug|x64
		{246BFE9F-1CD0-49CB-A5C2-EAE1485BB4DD}.Debug|x64.Build.0 = Debug|x64
		{246BFE9F-1CD0-49CB-A5C2-EAE1485BB4DD}.Debug|x86.ActiveCfg = Debug|Win32
		{246BFE9F-1CD0-49CB-A5C2-EAE1485BB4DD}.Debug|x86.Build.0 = Debug|Win32
		{246BFE9F-1CD0-49CB-A5C2-EAE1485BB4DD}.Release|x64.ActiveCfg = Release|x64
		{246BFE9F-1CD0-49CB-A5C2-EAE1485BB4DD}.Release|x64.Build.0 = Release|x64
		{246BFE9F-1CD0-49CB-A5C2-EAE1485BB4DD}.Release|x86.ActiveCfg = Release|Win32
		{246BFE9F-1CD0-49CB-A5C2-EAE1485BB4DD}.Release|x86.Build.0 = Release|Win32
		{C3EF8B24-BC51-41B1-B57F-4DB0348A0BF9}.Debug|x64.ActiveCfg = Debug|x64
		{C3EF8B24-BC51-41B1-B57F-4DB0348A0BF9}.Debug|x64.Build.0 = Debug|x64
		{C3EF8B24-BC51-41B1-B57F-4DB0348A0BF9}.Debug|x86.ActiveCfg = Debug|Win32
		{C3EF8B24-BC51-41B1-B57F-4DB0348A0BF9}.Debug|x86.Build.0 = Debug|Win32
		{C3EF8B24-BC51-41B1-B57F-4DB0348A0BF9}.Release|x64.ActiveCfg = Release|x64
		{C3EF8B24-BC51-41B1-B57F-4DB0348A0BF9}.Release|x64.Build.0 = Release|x64
		{C3EF8B24-BC51-41B1-B57F-4DB0348A0BF9}.Release|x86.ActiveCfg = Release|Win32
		{C3EF8B24-BC51-41B1-B57F-4DB0348A0BF9}.Release|x86.Build.0 = Release|Win32
		{E4F7E85C-4B1A-465A-BD1E-45C234C639BD}.Debug|x64.ActiveCfg = Debug|x64
		{E4F7E85C-4B1A-465A-BD1E-45C234C639BD}.Debug|x64.Build.0 = Debug|x64
		{E4F7E85C-4B1A-465A-BD1E-45C234C639BD}.Debug|x86.ActiveCfg = Debug|Win32
		{E4F7E85C-4B1A-465A-BD1E-45C234C639BD}.Debug|x86.Build.0 = Debug|Win32
		{E4F7E85C-4B1A-465A-BD1E-45C234C639BD}.Release|x64.ActiveCfg = Release|x64
		{E4F7E85C-4B1A-465A-BD1E-45C234C639BD}.Release|x64.Build.0 = Release|x64
		{E4F7E85C-4B1A-465A-BD1E-45C234C639BD}.Release|x86.ActiveCfg = Release|Win32
		{E4F7E85C-4B1A-465A-BD1E-45C234C639BD}.Release|x86.Build.0 = Release|Win32
		{3A849219-FC36-4813-8254-3E6C263D61A6}.Debug|x64.ActiveCfg = Debug|x64
		{3A849219-FC36-4813-8254-3E6C263D61A6}.Debug|x64.Build.0 = Debug|x64
		{3A849219-FC36-4813-8254-3E6C263D61A6}.Debug|x86.ActiveCfg = Debug|Win32
		{3A849219-FC36-4813-8254-3E6C263D61A6}.Debug|x86.Build.0 = Debug|Win32
		{3A849219-FC36-4813-8254-3E6C263D61A6}.Release|x64.ActiveCfg = Release|x64
		{3A849219-FC36-4813-8254-3E6C263D61A6}.Release|x64.Build.0 = Release|x64
		{3A849219-FC36-4813-8254-3E6C263D61A6}.Release|x86.ActiveCfg = Release|Win32
		{3A849219-FC36-4813-8254-3E6C263D61A6}.Release|x86.Build.0 = Release|Win32
		{068635FD-6BFE-4F7B-B1CF-566A52CED9B2}.Debug|x64.ActiveCfg = Debug|x64
		{068635FD-6BFE-4F7B-B1CF-566A52CED9B2}.Debug|x64.Build.0 = Debug|x64
		{068635FD-6BFE-4F7B-B1CF-566A52CED9B2}.Debug|x86.ActiveCfg = Debug|Win32
		{068635FD-6BFE-4F7B-B1CF-566A52CED9B2}.Debug|x86.Build.0 = Debug|Win32
		{068635FD-6BFE-4F7B-B1CF-566A52CED9B2}.Release|x64.ActiveCfg = Release|x64
		{068635FD-6BFE-4F7B-B1CF-566A52CED9B2}.Release|x64.Build.0 = Release|x64
		{068635FD-6BFE-4F7B-B1CF-566A52CED9B2}.Release|x86.ActiveCfg = Release|Win32
		{068635FD-6BFE-4F7B-B1CF-566A52CED9B2}.Release|x86.Build.0 = Release|Win32
		{FCEA29A1-EF7A-49BB-8F4C-E88B0302F165}.Debug|x64.ActiveCfg = Debug|x64
		{FCEA29A1-EF7A-49BB-8F4C-E88B0302F165}.Debug|x64.Build.0 = Debug|x64
		{FCEA29A1-EF7A-49BB-8F4C-E88B0302F165}.Debug|x86.ActiveCfg = Debug|Win32
		{FCEA29A1-EF7A-49BB-8F4C-E88B0302F165}.Debug|x86.Build.0 = Debug|Win32
		{FCEA29A1-EF7A-49BB-8F4C-E88B0302F165}.Release|x64.ActiveCfg = Release|x64
		{FCEA29A1-EF7A-49BB-8F4C-E88B0302F165}.Release|x64.Build.0 = Release|x64
		{FCEA29A1-EF7A-49BB-8F4C-E88B0302F165}.Release|x86.ActiveCfg = Release|Win32
		{FCEA29A1-EF7A-49BB-8F4C-E88B0302F165}.Release|x86.Build.0 = Release|Win32
		{9AC44AC8-2245-40AD-B8BE-E8CDE82BA2F4}.Debug|x64.ActiveCfg = Debug|x64
		{9AC44AC8-2245-40AD-B8BE-E8CDE82BA2F4}.Debug|x64.Build.0 = Debug|x64
		{9AC44AC8-2245-40AD-B8BE-E8CDE82BA2F4}.Debug|x86.ActiveCfg = Debug|Win32
		{9AC44AC8-2245-40AD-B8BE-E8CDE82BA2F4}.Debug|x86.Build.0 = Debug|Win32
		{9AC44AC8-2245-40AD-B8BE-E8CDE82BA2F4}.Release|x64.ActiveCfg = Release|x64
		{9AC44AC8-2245-40AD-B8BE-E8CDE82BA2F4}.Release|x64.Build.0 = Release|x64
		{9AC44AC8-2245-40AD-B8BE-E8CDE82BA2F4}.Release|x86.ActiveCfg = Release|Win32
		{9AC44AC8-2245-40AD-B8BE-E8CDE82BA2F4}.Release|x86.Build.0 = Release|Win32
		{CEB3156B-76BE-46DC-8C8B-1B403AFB8894}.Debug|x64.ActiveCfg = Debug|x64
		{CEB3156B-76BE-46DC-8C8B-1B403AFB8894}.Debug|x64.Build.0 = Debug|x64
		{CEB3156B-76BE-46DC-8C8B-1B403AFB8894}.Debug|x86.ActiveCfg = Debug|Win32
		{CEB3156B-76BE-46DC-8C8B-1B403AFB8894}.Debug|x86.Build.0 = Debug|Win32
		{CEB3156B-76BE-46DC-8C8B-1B403AFB8894}.Release|x64.ActiveCfg = Release|x64
		{CEB3156B-76BE-46DC-8C8B-1B403AFB8894}.Release|x64.Build.0 = Release|x64
		{CEB3156B-76BE-46DC-8C8B-1B403AFB8894}.Release|x86.ActiveCfg = Release|Win32
		{CEB3156B-76BE-46DC-8C8B-1B403AFB8894}.Release|x86.Build.0 = Release|Win32
		{6B251FCB-CAB5-4E42-ACFF-C7B572B766D7}.Debug|x64.ActiveCfg = Debug|x64
		{6B251FCB-CAB5-4E42-ACFF-C7B572B766D7}.Debug|x64.Build.0 = Debug|x64
		{6B251FCB-CAB5-4E42-ACFF-C7B572B766D7}.Debug|x86.ActiveCfg = Debug|Win32
		{6B251FCB-CAB5-4E42-ACFF-C7B572B766D7}.Debug|x86.Build.0 = Debug|Win32
		{6B251FCB-CAB5-4E42-ACFF-C7B572B766D7}.Release|x64.ActiveCfg = Release|x64
		{6B251FCB-CAB5-4E42-ACFF-C7B572B766D7}.Release|x64.Build.0 = Release|x64
		{6B251FCB-CAB5-4E42-ACFF-C7B572B766D7}.Release|x86.ActiveCfg = Release|Win32
		{6B251FCB-CAB5-4E42-ACFF-C7B572B766D7}.Release|x86.Build.0 = Release|Win32
	EndGlobalSection
	GlobalSection(SolutionProperties) = preSolution
		HideSolutionNode = FALSE
	EndGlobalSection
	GlobalSection(ExtensibilityGlobals) = postSolution
		SolutionGuid = {07795052-E32A-4741-B439-05219EB6B504}
	EndGlobalSection
EndGlobal
