<?xml version="1.0" encoding="utf-8"?>
<Project ToolsVersion="4.0" xmlns="http://schemas.microsoft.com/developer/msbuild/2003">
  <ItemGroup>
    <ClCompile Include="Render\Camera.cpp">
      <Filter>Render</Filter>
    </ClCompile>
    <ClCompile Include="Render\Render.cpp">
      <Filter>Render</Filter>
    </ClCompile>
    <ClCompile Include="main.cpp" />
    <ClCompile Include="ParticleForceRegistry.cpp">
      <Filter>Forces</Filter>
    </ClCompile>
    <ClCompile Include="ParticleGravity.cpp">
      <Filter>Forces</Filter>
    </ClCompile>
    <ClCompile Include="ParticleDrag.cpp">
      <Filter>Forces</Filter>
    </ClCompile>
    <ClCompile Include="Shot_Manager.cpp">
      <Filter>Managers</Filter>
    </ClCompile>
    <ClCompile Include="FireworkManager.cpp">
      <Filter>Managers</Filter>
    </ClCompile>
    <ClCompile Include="RenderUtils.cpp">
      <Filter>OpenGL</Filter>
    </ClCompile>
    <ClCompile Include="Time_GeneratorManager.cpp">
      <Filter>Managers</Filter>
    </ClCompile>
    <ClCompile Include="Wind.cpp">
      <Filter>Forces</Filter>
    </ClCompile>
    <ClCompile Include="Particle.cpp">
      <Filter>Particulas</Filter>
    </ClCompile>
    <ClCompile Include="Grenade.cpp">
      <Filter>Particulas</Filter>
    </ClCompile>
    <ClCompile Include="Blast.cpp">
      <Filter>Forces</Filter>
    </ClCompile>
    <ClCompile Include="GrenadeManager.cpp">
      <Filter>Managers</Filter>
    </ClCompile>
    <ClCompile Include="ParticleAnchoredSpring.cpp">
      <Filter>Forces</Filter>
    </ClCompile>
    <ClCompile Include="SpringManager.cpp">
      <Filter>Managers</Filter>
    </ClCompile>
    <ClCompile Include="ParticleAbstractSpring.cpp">
      <Filter>Forces</Filter>
    </ClCompile>
    <ClCompile Include="CharacterManager.cpp">
      <Filter>Managers</Filter>
    </ClCompile>
    <ClCompile Include="MainCharacter.cpp">
      <Filter>Particulas</Filter>
    </ClCompile>
    <ClCompile Include="ParticleSpring.cpp">
      <Filter>Forces</Filter>
    </ClCompile>
    <ClCompile Include="ParticleBuoyancy.cpp" />
  </ItemGroup>
  <ItemGroup>
    <ClInclude Include="Render\Camera.h">
      <Filter>Render</Filter>
    </ClInclude>
    <ClInclude Include="Render\Render.h">
      <Filter>Render</Filter>
    </ClInclude>
    <ClInclude Include="TemplatePool.h">
      <Filter>Particulas</Filter>
    </ClInclude>
    <ClInclude Include="Firework.h">
      <Filter>Particulas</Filter>
    </ClInclude>
    <ClInclude Include="ParticleForceGenerator.h">
      <Filter>Forces</Filter>
    </ClInclude>
    <ClInclude Include="ParticleForceRegistry.h">
      <Filter>Forces</Filter>
    </ClInclude>
    <ClInclude Include="ParticleGravity.h">
      <Filter>Forces</Filter>
    </ClInclude>
    <ClInclude Include="ParticleDrag.h">
      <Filter>Forces</Filter>
    </ClInclude>
    <ClInclude Include="Shot_Manager.h">
      <Filter>Managers</Filter>
    </ClInclude>
    <ClInclude Include="FireworkManager.h">
      <Filter>Managers</Filter>
    </ClInclude>
    <ClInclude Include="RenderUtils.hpp">
      <Filter>OpenGL</Filter>
    </ClInclude>
    <ClInclude Include="core.hpp">
      <Filter>OpenGL</Filter>
    </ClInclude>
    <ClInclude Include="Time_GeneratorManager.h">
      <Filter>Managers</Filter>
    </ClInclude>
    <ClInclude Include="Manager.h">
      <Filter>Managers</Filter>
    </ClInclude>
    <ClInclude Include="Wind.h">
      <Filter>Forces</Filter>
    </ClInclude>
    <ClInclude Include="Particle.h">
      <Filter>Particulas</Filter>
    </ClInclude>
    <ClInclude Include="Grenade.h">
      <Filter>Particulas</Filter>
    </ClInclude>
    <ClInclude Include="Blast.h">
      <Filter>Forces</Filter>
    </ClInclude>
    <ClInclude Include="GrenadeManager.h">
      <Filter>Managers</Filter>
    </ClInclude>
    <ClInclude Include="ParticleAnchoredSpring.h">
      <Filter>Forces</Filter>
    </ClInclude>
    <ClInclude Include="SpringManager.h">
      <Filter>Managers</Filter>
    </ClInclude>
    <ClInclude Include="ParticleAbstractSpring.h">
      <Filter>Forces</Filter>
    </ClInclude>
    <ClInclude Include="CharacterManager.h">
      <Filter>Managers</Filter>
    </ClInclude>
    <ClInclude Include="MainCharacter.h">
      <Filter>Particulas</Filter>
    </ClInclude>
    <ClInclude Include="ParticleSpring.h">
      <Filter>Forces</Filter>
    </ClInclude>
    <ClInclude Include="ParticleBuoyancy.h" />
  </ItemGroup>
  <ItemGroup>
    <Filter Include="Render">
      <UniqueIdentifier>{d04b4f9f-5a69-465e-8070-25c6d0bcd3c2}</UniqueIdentifier>
    </Filter>
    <Filter Include="Particulas">
      <UniqueIdentifier>{10f36aaf-f94b-48e4-aae8-e56e970f48bb}</UniqueIdentifier>
    </Filter>
    <Filter Include="Forces">
      <UniqueIdentifier>{32b76350-7bee-4359-9cfa-27c3d64994e6}</UniqueIdentifier>
    </Filter>
    <Filter Include="Managers">
      <UniqueIdentifier>{31d06c15-4a36-4a11-b8e2-4a2baaa05af7}</UniqueIdentifier>
    </Filter>
    <Filter Include="OpenGL">
      <UniqueIdentifier>{c94d7032-654d-41ee-b550-d78b797b4f2a}</UniqueIdentifier>
    </Filter>
  </ItemGroup>
</Project>