<?xml version="1.0" encoding="utf-8"?>
<Project ToolsVersion="4.0" xmlns="http://schemas.microsoft.com/developer/msbuild/2003">
  <ItemGroup>
    <ClCompile Include="Render\Camera.cpp">
      <Filter>Render</Filter>
    </ClCompile>
    <ClCompile Include="Render\Render.cpp">
      <Filter>Render</Filter>
    </ClCompile>
    <ClCompile Include="RenderUtils.cpp" />
    <ClCompile Include="main.cpp" />
    <ClCompile Include="Particula.cpp">
      <Filter>Particulas</Filter>
    </ClCompile>
    <ClCompile Include="Time_Generator.cpp">
      <Filter>Sistemas_Particulas</Filter>
    </ClCompile>
    <ClCompile Include="FireworkManager.cpp">
      <Filter>Sistemas_Particulas</Filter>
    </ClCompile>
    <ClCompile Include="ParticleForceRegistry.cpp">
      <Filter>Forces</Filter>
    </ClCompile>
    <ClCompile Include="ParticleGravity.cpp">
      <Filter>Forces</Filter>
    </ClCompile>
    <ClCompile Include="ParticleDrag.cpp">
      <Filter>Forces</Filter>
    </ClCompile>
  </ItemGroup>
  <ItemGroup>
    <ClInclude Include="core.hpp" />
    <ClInclude Include="Render\Camera.h">
      <Filter>Render</Filter>
    </ClInclude>
    <ClInclude Include="Render\Render.h">
      <Filter>Render</Filter>
    </ClInclude>
    <ClInclude Include="RenderUtils.hpp" />
    <ClInclude Include="Particula.h">
      <Filter>Particulas</Filter>
    </ClInclude>
    <ClInclude Include="Time_Generator.h">
      <Filter>Sistemas_Particulas</Filter>
    </ClInclude>
    <ClInclude Include="TemplatePool.h">
      <Filter>Particulas</Filter>
    </ClInclude>
    <ClInclude Include="Firework.h">
      <Filter>Particulas</Filter>
    </ClInclude>
    <ClInclude Include="FireworkManager.h">
      <Filter>Sistemas_Particulas</Filter>
    </ClInclude>
    <ClInclude Include="ParticleForceGenerator.h">
      <Filter>Forces</Filter>
    </ClInclude>
    <ClInclude Include="ParticleForceRegistry.h">
      <Filter>Forces</Filter>
    </ClInclude>
    <ClInclude Include="ParticleGravity.h">
      <Filter>Forces</Filter>
    </ClInclude>
    <ClInclude Include="ParticleDrag.h">
      <Filter>Forces</Filter>
    </ClInclude>
  </ItemGroup>
  <ItemGroup>
    <Filter Include="Render">
      <UniqueIdentifier>{d04b4f9f-5a69-465e-8070-25c6d0bcd3c2}</UniqueIdentifier>
    </Filter>
    <Filter Include="Particulas">
      <UniqueIdentifier>{10f36aaf-f94b-48e4-aae8-e56e970f48bb}</UniqueIdentifier>
    </Filter>
    <Filter Include="Sistemas_Particulas">
      <UniqueIdentifier>{27cea8fe-b98c-4f70-83b4-595e2e7a01d4}</UniqueIdentifier>
    </Filter>
    <Filter Include="Forces">
      <UniqueIdentifier>{32b76350-7bee-4359-9cfa-27c3d64994e6}</UniqueIdentifier>
    </Filter>
  </ItemGroup>
</Project>