
Microsoft Visual Studio Solution File, Format Version 12.00
# Visual Studio 15
VisualStudioVersion = 15.0.28010.2019
MinimumVisualStudioVersion = 10.0.40219.1
Project("{8BC9CEB8-8B4A-11D0-8D11-00A0C91BC942}") = "Ejercicio1", "Ejercicio1\Ejercicio1.vcxproj", "{152540BF-2E29-4C1A-83F7-31D07255418D}"
EndProject
Project("{8BC9CEB8-8B4A-11D0-8D11-00A0C91BC942}") = "Ejercicio2", "Ejercicio2\Ejercicio2.vcxproj", "{AC2D98EA-AC0E-44FE-9C56-496370230F0E}"
EndProject
Project("{8BC9CEB8-8B4A-11D0-8D11-00A0C91BC942}") = "Ejercicio3", "Ejercicio3\Ejercicio3.vcxproj", "{FE38ACC6-089C-4653-9CC3-FBC6EE86EADA}"
EndProject
Project("{8BC9CEB8-8B4A-11D0-8D11-00A0C91BC942}") = "Ejercicio5", "Ejercicio5\Ejercicio5.vcxproj", "{3166E78E-BAFE-4643-8FEC-C97DA267573B}"
EndProject
Project("{8BC9CEB8-8B4A-11D0-8D11-00A0C91BC942}") = "Ejercicio4", "Ejercicio4\Ejercicio4.vcxproj", "{F86F992B-6ACA-4B03-A213-C745E4D64FE3}"
EndProject
Project("{8BC9CEB8-8B4A-11D0-8D11-00A0C91BC942}") = "Ejercicio6", "Ejercicio6\Ejercicio6.vcxproj", "{34CD2D68-9387-4F31-A9CA-24E9F24B8064}"
EndProject
Global
	GlobalSection(SolutionConfigurationPlatforms) = preSolution
		Debug|x64 = Debug|x64
		Debug|x86 = Debug|x86
		Release|x64 = Release|x64
		Release|x86 = Release|x86
	EndGlobalSection
	GlobalSection(ProjectConfigurationPlatforms) = postSolution
		{152540BF-2E29-4C1A-83F7-31D07255418D}.Debug|x64.ActiveCfg = Debug|x64
		{152540BF-2E29-4C1A-83F7-31D07255418D}.Debug|x64.Build.0 = Debug|x64
		{152540BF-2E29-4C1A-83F7-31D07255418D}.Debug|x86.ActiveCfg = Debug|Win32
		{152540BF-2E29-4C1A-83F7-31D07255418D}.Debug|x86.Build.0 = Debug|Win32
		{152540BF-2E29-4C1A-83F7-31D07255418D}.Release|x64.ActiveCfg = Release|x64
		{152540BF-2E29-4C1A-83F7-31D07255418D}.Release|x64.Build.0 = Release|x64
		{152540BF-2E29-4C1A-83F7-31D07255418D}.Release|x86.ActiveCfg = Release|Win32
		{152540BF-2E29-4C1A-83F7-31D07255418D}.Release|x86.Build.0 = Release|Win32
		{AC2D98EA-AC0E-44FE-9C56-496370230F0E}.Debug|x64.ActiveCfg = Debug|x64
		{AC2D98EA-AC0E-44FE-9C56-496370230F0E}.Debug|x64.Build.0 = Debug|x64
		{AC2D98EA-AC0E-44FE-9C56-496370230F0E}.Debug|x86.ActiveCfg = Debug|Win32
		{AC2D98EA-AC0E-44FE-9C56-496370230F0E}.Debug|x86.Build.0 = Debug|Win32
		{AC2D98EA-AC0E-44FE-9C56-496370230F0E}.Release|x64.ActiveCfg = Release|x64
		{AC2D98EA-AC0E-44FE-9C56-496370230F0E}.Release|x64.Build.0 = Release|x64
		{AC2D98EA-AC0E-44FE-9C56-496370230F0E}.Release|x86.ActiveCfg = Release|Win32
		{AC2D98EA-AC0E-44FE-9C56-496370230F0E}.Release|x86.Build.0 = Release|Win32
		{FE38ACC6-089C-4653-9CC3-FBC6EE86EADA}.Debug|x64.ActiveCfg = Debug|x64
		{FE38ACC6-089C-4653-9CC3-FBC6EE86EADA}.Debug|x64.Build.0 = Debug|x64
		{FE38ACC6-089C-4653-9CC3-FBC6EE86EADA}.Debug|x86.ActiveCfg = Debug|Win32
		{FE38ACC6-089C-4653-9CC3-FBC6EE86EADA}.Debug|x86.Build.0 = Debug|Win32
		{FE38ACC6-089C-4653-9CC3-FBC6EE86EADA}.Release|x64.ActiveCfg = Release|x64
		{FE38ACC6-089C-4653-9CC3-FBC6EE86EADA}.Release|x64.Build.0 = Release|x64
		{FE38ACC6-089C-4653-9CC3-FBC6EE86EADA}.Release|x86.ActiveCfg = Release|Win32
		{FE38ACC6-089C-4653-9CC3-FBC6EE86EADA}.Release|x86.Build.0 = Release|Win32
		{3166E78E-BAFE-4643-8FEC-C97DA267573B}.Debug|x64.ActiveCfg = Debug|x64
		{3166E78E-BAFE-4643-8FEC-C97DA267573B}.Debug|x64.Build.0 = Debug|x64
		{3166E78E-BAFE-4643-8FEC-C97DA267573B}.Debug|x86.ActiveCfg = Debug|Win32
		{3166E78E-BAFE-4643-8FEC-C97DA267573B}.Debug|x86.Build.0 = Debug|Win32
		{3166E78E-BAFE-4643-8FEC-C97DA267573B}.Release|x64.ActiveCfg = Release|x64
		{3166E78E-BAFE-4643-8FEC-C97DA267573B}.Release|x64.Build.0 = Release|x64
		{3166E78E-BAFE-4643-8FEC-C97DA267573B}.Release|x86.ActiveCfg = Release|Win32
		{3166E78E-BAFE-4643-8FEC-C97DA267573B}.Release|x86.Build.0 = Release|Win32
		{F86F992B-6ACA-4B03-A213-C745E4D64FE3}.Debug|x64.ActiveCfg = Debug|x64
		{F86F992B-6ACA-4B03-A213-C745E4D64FE3}.Debug|x64.Build.0 = Debug|x64
		{F86F992B-6ACA-4B03-A213-C745E4D64FE3}.Debug|x86.ActiveCfg = Debug|Win32
		{F86F992B-6ACA-4B03-A213-C745E4D64FE3}.Debug|x86.Build.0 = Debug|Win32
		{F86F992B-6ACA-4B03-A213-C745E4D64FE3}.Release|x64.ActiveCfg = Release|x64
		{F86F992B-6ACA-4B03-A213-C745E4D64FE3}.Release|x64.Build.0 = Release|x64
		{F86F992B-6ACA-4B03-A213-C745E4D64FE3}.Release|x86.ActiveCfg = Release|Win32
		{F86F992B-6ACA-4B03-A213-C745E4D64FE3}.Release|x86.Build.0 = Release|Win32
		{34CD2D68-9387-4F31-A9CA-24E9F24B8064}.Debug|x64.ActiveCfg = Debug|x64
		{34CD2D68-9387-4F31-A9CA-24E9F24B8064}.Debug|x64.Build.0 = Debug|x64
		{34CD2D68-9387-4F31-A9CA-24E9F24B8064}.Debug|x86.ActiveCfg = Debug|Win32
		{34CD2D68-9387-4F31-A9CA-24E9F24B8064}.Debug|x86.Build.0 = Debug|Win32
		{34CD2D68-9387-4F31-A9CA-24E9F24B8064}.Release|x64.ActiveCfg = Release|x64
		{34CD2D68-9387-4F31-A9CA-24E9F24B8064}.Release|x64.Build.0 = Release|x64
		{34CD2D68-9387-4F31-A9CA-24E9F24B8064}.Release|x86.ActiveCfg = Release|Win32
		{34CD2D68-9387-4F31-A9CA-24E9F24B8064}.Release|x86.Build.0 = Release|Win32
	EndGlobalSection
	GlobalSection(SolutionProperties) = preSolution
		HideSolutionNode = FALSE
	EndGlobalSection
	GlobalSection(ExtensibilityGlobals) = postSolution
		SolutionGuid = {2334DB2C-5B82-40AB-9E87-86188E71AC18}
	EndGlobalSection
EndGlobal
