
Microsoft Visual Studio Solution File, Format Version 12.00
# Visual Studio 15
VisualStudioVersion = 15.0.27703.2035
MinimumVisualStudioVersion = 10.0.40219.1
Project("{8BC9CEB8-8B4A-11D0-8D11-00A0C91BC942}") = "Ejercicio30", "Ejercicio30\Ejercicio30.vcxproj", "{01EAEE88-C264-438F-97F1-A6785FD731E9}"
EndProject
Project("{8BC9CEB8-8B4A-11D0-8D11-00A0C91BC942}") = "Ejercicio33", "Ejercicio33\Ejercicio33.vcxproj", "{5588A0A8-2967-45C2-8EC9-117323F767FB}"
EndProject
Global
	GlobalSection(SolutionConfigurationPlatforms) = preSolution
		Debug|x64 = Debug|x64
		Debug|x86 = Debug|x86
		Release|x64 = Release|x64
		Release|x86 = Release|x86
	EndGlobalSection
	GlobalSection(ProjectConfigurationPlatforms) = postSolution
		{01EAEE88-C264-438F-97F1-A6785FD731E9}.Debug|x64.ActiveCfg = Debug|x64
		{01EAEE88-C264-438F-97F1-A6785FD731E9}.Debug|x64.Build.0 = Debug|x64
		{01EAEE88-C264-438F-97F1-A6785FD731E9}.Debug|x86.ActiveCfg = Debug|Win32
		{01EAEE88-C264-438F-97F1-A6785FD731E9}.Debug|x86.Build.0 = Debug|Win32
		{01EAEE88-C264-438F-97F1-A6785FD731E9}.Release|x64.ActiveCfg = Release|x64
		{01EAEE88-C264-438F-97F1-A6785FD731E9}.Release|x64.Build.0 = Release|x64
		{01EAEE88-C264-438F-97F1-A6785FD731E9}.Release|x86.ActiveCfg = Release|Win32
		{01EAEE88-C264-438F-97F1-A6785FD731E9}.Release|x86.Build.0 = Release|Win32
		{5588A0A8-2967-45C2-8EC9-117323F767FB}.Debug|x64.ActiveCfg = Debug|x64
		{5588A0A8-2967-45C2-8EC9-117323F767FB}.Debug|x64.Build.0 = Debug|x64
		{5588A0A8-2967-45C2-8EC9-117323F767FB}.Debug|x86.ActiveCfg = Debug|Win32
		{5588A0A8-2967-45C2-8EC9-117323F767FB}.Debug|x86.Build.0 = Debug|Win32
		{5588A0A8-2967-45C2-8EC9-117323F767FB}.Release|x64.ActiveCfg = Release|x64
		{5588A0A8-2967-45C2-8EC9-117323F767FB}.Release|x64.Build.0 = Release|x64
		{5588A0A8-2967-45C2-8EC9-117323F767FB}.Release|x86.ActiveCfg = Release|Win32
		{5588A0A8-2967-45C2-8EC9-117323F767FB}.Release|x86.Build.0 = Release|Win32
	EndGlobalSection
	GlobalSection(SolutionProperties) = preSolution
		HideSolutionNode = FALSE
	EndGlobalSection
	GlobalSection(ExtensibilityGlobals) = postSolution
		SolutionGuid = {ED7FF5DF-180F-4E47-9150-3E5C64895439}
	EndGlobalSection
EndGlobal
