
Microsoft Visual Studio Solution File, Format Version 12.00
# Visual Studio 15
VisualStudioVersion = 15.0.27703.2035
MinimumVisualStudioVersion = 10.0.40219.1
Project("{8BC9CEB8-8B4A-11D0-8D11-00A0C91BC942}") = "Ejercicio60", "Ejercicio60\Ejercicio60.vcxproj", "{E0719ACF-1628-4BA0-8060-430D06EBD872}"
EndProject
Project("{8BC9CEB8-8B4A-11D0-8D11-00A0C91BC942}") = "Ejercicio61", "Ejercicio61\Ejercicio61.vcxproj", "{132133D6-D3EA-4C76-A34C-9501C7A1E478}"
EndProject
Project("{8BC9CEB8-8B4A-11D0-8D11-00A0C91BC942}") = "Ejercicio62", "Ejercicio62\Ejercicio62.vcxproj", "{6020AD63-C7CB-476A-B81F-87FDC489F600}"
EndProject
Project("{8BC9CEB8-8B4A-11D0-8D11-00A0C91BC942}") = "Ejercicio63", "Ejercicio63\Ejercicio63.vcxproj", "{B713AD11-07FB-4478-83BF-B58BC9EDFF38}"
EndProject
Global
	GlobalSection(SolutionConfigurationPlatforms) = preSolution
		Debug|x64 = Debug|x64
		Debug|x86 = Debug|x86
		Release|x64 = Release|x64
		Release|x86 = Release|x86
	EndGlobalSection
	GlobalSection(ProjectConfigurationPlatforms) = postSolution
		{E0719ACF-1628-4BA0-8060-430D06EBD872}.Debug|x64.ActiveCfg = Debug|x64
		{E0719ACF-1628-4BA0-8060-430D06EBD872}.Debug|x64.Build.0 = Debug|x64
		{E0719ACF-1628-4BA0-8060-430D06EBD872}.Debug|x86.ActiveCfg = Debug|Win32
		{E0719ACF-1628-4BA0-8060-430D06EBD872}.Debug|x86.Build.0 = Debug|Win32
		{E0719ACF-1628-4BA0-8060-430D06EBD872}.Release|x64.ActiveCfg = Release|x64
		{E0719ACF-1628-4BA0-8060-430D06EBD872}.Release|x64.Build.0 = Release|x64
		{E0719ACF-1628-4BA0-8060-430D06EBD872}.Release|x86.ActiveCfg = Release|Win32
		{E0719ACF-1628-4BA0-8060-430D06EBD872}.Release|x86.Build.0 = Release|Win32
		{132133D6-D3EA-4C76-A34C-9501C7A1E478}.Debug|x64.ActiveCfg = Debug|x64
		{132133D6-D3EA-4C76-A34C-9501C7A1E478}.Debug|x64.Build.0 = Debug|x64
		{132133D6-D3EA-4C76-A34C-9501C7A1E478}.Debug|x86.ActiveCfg = Debug|Win32
		{132133D6-D3EA-4C76-A34C-9501C7A1E478}.Debug|x86.Build.0 = Debug|Win32
		{132133D6-D3EA-4C76-A34C-9501C7A1E478}.Release|x64.ActiveCfg = Release|x64
		{132133D6-D3EA-4C76-A34C-9501C7A1E478}.Release|x64.Build.0 = Release|x64
		{132133D6-D3EA-4C76-A34C-9501C7A1E478}.Release|x86.ActiveCfg = Release|Win32
		{132133D6-D3EA-4C76-A34C-9501C7A1E478}.Release|x86.Build.0 = Release|Win32
		{6020AD63-C7CB-476A-B81F-87FDC489F600}.Debug|x64.ActiveCfg = Debug|x64
		{6020AD63-C7CB-476A-B81F-87FDC489F600}.Debug|x64.Build.0 = Debug|x64
		{6020AD63-C7CB-476A-B81F-87FDC489F600}.Debug|x86.ActiveCfg = Debug|Win32
		{6020AD63-C7CB-476A-B81F-87FDC489F600}.Debug|x86.Build.0 = Debug|Win32
		{6020AD63-C7CB-476A-B81F-87FDC489F600}.Release|x64.ActiveCfg = Release|x64
		{6020AD63-C7CB-476A-B81F-87FDC489F600}.Release|x64.Build.0 = Release|x64
		{6020AD63-C7CB-476A-B81F-87FDC489F600}.Release|x86.ActiveCfg = Release|Win32
		{6020AD63-C7CB-476A-B81F-87FDC489F600}.Release|x86.Build.0 = Release|Win32
		{B713AD11-07FB-4478-83BF-B58BC9EDFF38}.Debug|x64.ActiveCfg = Debug|x64
		{B713AD11-07FB-4478-83BF-B58BC9EDFF38}.Debug|x64.Build.0 = Debug|x64
		{B713AD11-07FB-4478-83BF-B58BC9EDFF38}.Debug|x86.ActiveCfg = Debug|Win32
		{B713AD11-07FB-4478-83BF-B58BC9EDFF38}.Debug|x86.Build.0 = Debug|Win32
		{B713AD11-07FB-4478-83BF-B58BC9EDFF38}.Release|x64.ActiveCfg = Release|x64
		{B713AD11-07FB-4478-83BF-B58BC9EDFF38}.Release|x64.Build.0 = Release|x64
		{B713AD11-07FB-4478-83BF-B58BC9EDFF38}.Release|x86.ActiveCfg = Release|Win32
		{B713AD11-07FB-4478-83BF-B58BC9EDFF38}.Release|x86.Build.0 = Release|Win32
	EndGlobalSection
	GlobalSection(SolutionProperties) = preSolution
		HideSolutionNode = FALSE
	EndGlobalSection
	GlobalSection(ExtensibilityGlobals) = postSolution
		SolutionGuid = {C3AA514B-CD72-4379-A022-7CD6454A79D7}
	EndGlobalSection
EndGlobal
