
Microsoft Visual Studio Solution File, Format Version 12.00
# Visual Studio 15
VisualStudioVersion = 15.0.27703.2035
MinimumVisualStudioVersion = 10.0.40219.1
Project("{8BC9CEB8-8B4A-11D0-8D11-00A0C91BC942}") = "Ejercicio60", "Ejercicio60\Ejercicio60.vcxproj", "{E0719ACF-1628-4BA0-8060-430D06EBD872}"
EndProject
Project("{8BC9CEB8-8B4A-11D0-8D11-00A0C91BC942}") = "Ejercicio61", "Ejercicio61\Ejercicio61.vcxproj", "{132133D6-D3EA-4C76-A34C-9501C7A1E478}"
EndProject
Project("{8BC9CEB8-8B4A-11D0-8D11-00A0C91BC942}") = "Ejercicio62", "Ejercicio62\Ejercicio62.vcxproj", "{6020AD63-C7CB-476A-B81F-87FDC489F600}"
EndProject
Project("{8BC9CEB8-8B4A-11D0-8D11-00A0C91BC942}") = "Ejercicio63", "Ejercicio63\Ejercicio63.vcxproj", "{B713AD11-07FB-4478-83BF-B58BC9EDFF38}"
EndProject
Project("{8BC9CEB8-8B4A-11D0-8D11-00A0C91BC942}") = "Ejercicio64", "Ejercicio64\Ejercicio64.vcxproj", "{06CE7CD5-EBC9-4DD7-BABD-A8945C3FE2F3}"
EndProject
Project("{8BC9CEB8-8B4A-11D0-8D11-00A0C91BC942}") = "Ejercicio65", "Ejercicio65\Ejercicio65.vcxproj", "{B55E4E47-8E60-4CF4-8FAF-03CC92CD6286}"
EndProject
Project("{8BC9CEB8-8B4A-11D0-8D11-00A0C91BC942}") = "Ejercicio67", "Ejercicio67\Ejercicio67.vcxproj", "{240F0A1A-F8F2-433F-B88C-9051B0B0C3E6}"
EndProject
Project("{8BC9CEB8-8B4A-11D0-8D11-00A0C91BC942}") = "Ejercicio68", "Ejercicio68\Ejercicio68.vcxproj", "{A55FB2E6-AC48-4426-A551-41AC879CE0C1}"
EndProject
Project("{8BC9CEB8-8B4A-11D0-8D11-00A0C91BC942}") = "Ejercicio66", "Ejercicio66\Ejercicio66.vcxproj", "{9231B6EB-9A60-497A-AF2A-DC077BFB940F}"
EndProject
Global
	GlobalSection(SolutionConfigurationPlatforms) = preSolution
		Debug|x64 = Debug|x64
		Debug|x86 = Debug|x86
		Release|x64 = Release|x64
		Release|x86 = Release|x86
	EndGlobalSection
	GlobalSection(ProjectConfigurationPlatforms) = postSolution
		{E0719ACF-1628-4BA0-8060-430D06EBD872}.Debug|x64.ActiveCfg = Debug|x64
		{E0719ACF-1628-4BA0-8060-430D06EBD872}.Debug|x64.Build.0 = Debug|x64
		{E0719ACF-1628-4BA0-8060-430D06EBD872}.Debug|x86.ActiveCfg = Debug|Win32
		{E0719ACF-1628-4BA0-8060-430D06EBD872}.Debug|x86.Build.0 = Debug|Win32
		{E0719ACF-1628-4BA0-8060-430D06EBD872}.Release|x64.ActiveCfg = Release|x64
		{E0719ACF-1628-4BA0-8060-430D06EBD872}.Release|x64.Build.0 = Release|x64
		{E0719ACF-1628-4BA0-8060-430D06EBD872}.Release|x86.ActiveCfg = Release|Win32
		{E0719ACF-1628-4BA0-8060-430D06EBD872}.Release|x86.Build.0 = Release|Win32
		{132133D6-D3EA-4C76-A34C-9501C7A1E478}.Debug|x64.ActiveCfg = Debug|x64
		{132133D6-D3EA-4C76-A34C-9501C7A1E478}.Debug|x64.Build.0 = Debug|x64
		{132133D6-D3EA-4C76-A34C-9501C7A1E478}.Debug|x86.ActiveCfg = Debug|Win32
		{132133D6-D3EA-4C76-A34C-9501C7A1E478}.Debug|x86.Build.0 = Debug|Win32
		{132133D6-D3EA-4C76-A34C-9501C7A1E478}.Release|x64.ActiveCfg = Release|x64
		{132133D6-D3EA-4C76-A34C-9501C7A1E478}.Release|x64.Build.0 = Release|x64
		{132133D6-D3EA-4C76-A34C-9501C7A1E478}.Release|x86.ActiveCfg = Release|Win32
		{132133D6-D3EA-4C76-A34C-9501C7A1E478}.Release|x86.Build.0 = Release|Win32
		{6020AD63-C7CB-476A-B81F-87FDC489F600}.Debug|x64.ActiveCfg = Debug|x64
		{6020AD63-C7CB-476A-B81F-87FDC489F600}.Debug|x64.Build.0 = Debug|x64
		{6020AD63-C7CB-476A-B81F-87FDC489F600}.Debug|x86.ActiveCfg = Debug|Win32
		{6020AD63-C7CB-476A-B81F-87FDC489F600}.Debug|x86.Build.0 = Debug|Win32
		{6020AD63-C7CB-476A-B81F-87FDC489F600}.Release|x64.ActiveCfg = Release|x64
		{6020AD63-C7CB-476A-B81F-87FDC489F600}.Release|x64.Build.0 = Release|x64
		{6020AD63-C7CB-476A-B81F-87FDC489F600}.Release|x86.ActiveCfg = Release|Win32
		{6020AD63-C7CB-476A-B81F-87FDC489F600}.Release|x86.Build.0 = Release|Win32
		{B713AD11-07FB-4478-83BF-B58BC9EDFF38}.Debug|x64.ActiveCfg = Debug|x64
		{B713AD11-07FB-4478-83BF-B58BC9EDFF38}.Debug|x64.Build.0 = Debug|x64
		{B713AD11-07FB-4478-83BF-B58BC9EDFF38}.Debug|x86.ActiveCfg = Debug|Win32
		{B713AD11-07FB-4478-83BF-B58BC9EDFF38}.Debug|x86.Build.0 = Debug|Win32
		{B713AD11-07FB-4478-83BF-B58BC9EDFF38}.Release|x64.ActiveCfg = Release|x64
		{B713AD11-07FB-4478-83BF-B58BC9EDFF38}.Release|x64.Build.0 = Release|x64
		{B713AD11-07FB-4478-83BF-B58BC9EDFF38}.Release|x86.ActiveCfg = Release|Win32
		{B713AD11-07FB-4478-83BF-B58BC9EDFF38}.Release|x86.Build.0 = Release|Win32
		{06CE7CD5-EBC9-4DD7-BABD-A8945C3FE2F3}.Debug|x64.ActiveCfg = Debug|x64
		{06CE7CD5-EBC9-4DD7-BABD-A8945C3FE2F3}.Debug|x64.Build.0 = Debug|x64
		{06CE7CD5-EBC9-4DD7-BABD-A8945C3FE2F3}.Debug|x86.ActiveCfg = Debug|Win32
		{06CE7CD5-EBC9-4DD7-BABD-A8945C3FE2F3}.Debug|x86.Build.0 = Debug|Win32
		{06CE7CD5-EBC9-4DD7-BABD-A8945C3FE2F3}.Release|x64.ActiveCfg = Release|x64
		{06CE7CD5-EBC9-4DD7-BABD-A8945C3FE2F3}.Release|x64.Build.0 = Release|x64
		{06CE7CD5-EBC9-4DD7-BABD-A8945C3FE2F3}.Release|x86.ActiveCfg = Release|Win32
		{06CE7CD5-EBC9-4DD7-BABD-A8945C3FE2F3}.Release|x86.Build.0 = Release|Win32
		{B55E4E47-8E60-4CF4-8FAF-03CC92CD6286}.Debug|x64.ActiveCfg = Debug|x64
		{B55E4E47-8E60-4CF4-8FAF-03CC92CD6286}.Debug|x64.Build.0 = Debug|x64
		{B55E4E47-8E60-4CF4-8FAF-03CC92CD6286}.Debug|x86.ActiveCfg = Debug|Win32
		{B55E4E47-8E60-4CF4-8FAF-03CC92CD6286}.Debug|x86.Build.0 = Debug|Win32
		{B55E4E47-8E60-4CF4-8FAF-03CC92CD6286}.Release|x64.ActiveCfg = Release|x64
		{B55E4E47-8E60-4CF4-8FAF-03CC92CD6286}.Release|x64.Build.0 = Release|x64
		{B55E4E47-8E60-4CF4-8FAF-03CC92CD6286}.Release|x86.ActiveCfg = Release|Win32
		{B55E4E47-8E60-4CF4-8FAF-03CC92CD6286}.Release|x86.Build.0 = Release|Win32
		{240F0A1A-F8F2-433F-B88C-9051B0B0C3E6}.Debug|x64.ActiveCfg = Debug|x64
		{240F0A1A-F8F2-433F-B88C-9051B0B0C3E6}.Debug|x64.Build.0 = Debug|x64
		{240F0A1A-F8F2-433F-B88C-9051B0B0C3E6}.Debug|x86.ActiveCfg = Debug|Win32
		{240F0A1A-F8F2-433F-B88C-9051B0B0C3E6}.Debug|x86.Build.0 = Debug|Win32
		{240F0A1A-F8F2-433F-B88C-9051B0B0C3E6}.Release|x64.ActiveCfg = Release|x64
		{240F0A1A-F8F2-433F-B88C-9051B0B0C3E6}.Release|x64.Build.0 = Release|x64
		{240F0A1A-F8F2-433F-B88C-9051B0B0C3E6}.Release|x86.ActiveCfg = Release|Win32
		{240F0A1A-F8F2-433F-B88C-9051B0B0C3E6}.Release|x86.Build.0 = Release|Win32
		{A55FB2E6-AC48-4426-A551-41AC879CE0C1}.Debug|x64.ActiveCfg = Debug|x64
		{A55FB2E6-AC48-4426-A551-41AC879CE0C1}.Debug|x64.Build.0 = Debug|x64
		{A55FB2E6-AC48-4426-A551-41AC879CE0C1}.Debug|x86.ActiveCfg = Debug|Win32
		{A55FB2E6-AC48-4426-A551-41AC879CE0C1}.Debug|x86.Build.0 = Debug|Win32
		{A55FB2E6-AC48-4426-A551-41AC879CE0C1}.Release|x64.ActiveCfg = Release|x64
		{A55FB2E6-AC48-4426-A551-41AC879CE0C1}.Release|x64.Build.0 = Release|x64
		{A55FB2E6-AC48-4426-A551-41AC879CE0C1}.Release|x86.ActiveCfg = Release|Win32
		{A55FB2E6-AC48-4426-A551-41AC879CE0C1}.Release|x86.Build.0 = Release|Win32
		{9231B6EB-9A60-497A-AF2A-DC077BFB940F}.Debug|x64.ActiveCfg = Debug|x64
		{9231B6EB-9A60-497A-AF2A-DC077BFB940F}.Debug|x64.Build.0 = Debug|x64
		{9231B6EB-9A60-497A-AF2A-DC077BFB940F}.Debug|x86.ActiveCfg = Debug|Win32
		{9231B6EB-9A60-497A-AF2A-DC077BFB940F}.Debug|x86.Build.0 = Debug|Win32
		{9231B6EB-9A60-497A-AF2A-DC077BFB940F}.Release|x64.ActiveCfg = Release|x64
		{9231B6EB-9A60-497A-AF2A-DC077BFB940F}.Release|x64.Build.0 = Release|x64
		{9231B6EB-9A60-497A-AF2A-DC077BFB940F}.Release|x86.ActiveCfg = Release|Win32
		{9231B6EB-9A60-497A-AF2A-DC077BFB940F}.Release|x86.Build.0 = Release|Win32
	EndGlobalSection
	GlobalSection(SolutionProperties) = preSolution
		HideSolutionNode = FALSE
	EndGlobalSection
	GlobalSection(ExtensibilityGlobals) = postSolution
		SolutionGuid = {C3AA514B-CD72-4379-A022-7CD6454A79D7}
	EndGlobalSection
EndGlobal
