
Microsoft Visual Studio Solution File, Format Version 12.00
# Visual Studio 15
VisualStudioVersion = 15.0.27703.2035
MinimumVisualStudioVersion = 10.0.40219.1
Project("{8BC9CEB8-8B4A-11D0-8D11-00A0C91BC942}") = "Ejercicio50", "Ejercicio50\Ejercicio50.vcxproj", "{D46DC65C-18CB-4B34-9F9E-346F7C53E630}"
EndProject
Project("{8BC9CEB8-8B4A-11D0-8D11-00A0C91BC942}") = "Ejercicio51", "Ejercicio51\Ejercicio51.vcxproj", "{C034FBA3-210D-41D3-A459-A19063CBB159}"
EndProject
Project("{8BC9CEB8-8B4A-11D0-8D11-00A0C91BC942}") = "Ejercicio52", "Ejercicio52\Ejercicio52.vcxproj", "{621D2A42-D521-4877-B5E8-6BF9B948F526}"
EndProject
Project("{8BC9CEB8-8B4A-11D0-8D11-00A0C91BC942}") = "Ejercicio53", "Ejercicio53\Ejercicio53.vcxproj", "{2D7050DC-08CF-467A-8185-1ACCCBFA5293}"
EndProject
Global
	GlobalSection(SolutionConfigurationPlatforms) = preSolution
		Debug|x64 = Debug|x64
		Debug|x86 = Debug|x86
		Release|x64 = Release|x64
		Release|x86 = Release|x86
	EndGlobalSection
	GlobalSection(ProjectConfigurationPlatforms) = postSolution
		{D46DC65C-18CB-4B34-9F9E-346F7C53E630}.Debug|x64.ActiveCfg = Debug|x64
		{D46DC65C-18CB-4B34-9F9E-346F7C53E630}.Debug|x64.Build.0 = Debug|x64
		{D46DC65C-18CB-4B34-9F9E-346F7C53E630}.Debug|x86.ActiveCfg = Debug|Win32
		{D46DC65C-18CB-4B34-9F9E-346F7C53E630}.Debug|x86.Build.0 = Debug|Win32
		{D46DC65C-18CB-4B34-9F9E-346F7C53E630}.Release|x64.ActiveCfg = Release|x64
		{D46DC65C-18CB-4B34-9F9E-346F7C53E630}.Release|x64.Build.0 = Release|x64
		{D46DC65C-18CB-4B34-9F9E-346F7C53E630}.Release|x86.ActiveCfg = Release|Win32
		{D46DC65C-18CB-4B34-9F9E-346F7C53E630}.Release|x86.Build.0 = Release|Win32
		{C034FBA3-210D-41D3-A459-A19063CBB159}.Debug|x64.ActiveCfg = Debug|x64
		{C034FBA3-210D-41D3-A459-A19063CBB159}.Debug|x64.Build.0 = Debug|x64
		{C034FBA3-210D-41D3-A459-A19063CBB159}.Debug|x86.ActiveCfg = Debug|Win32
		{C034FBA3-210D-41D3-A459-A19063CBB159}.Debug|x86.Build.0 = Debug|Win32
		{C034FBA3-210D-41D3-A459-A19063CBB159}.Release|x64.ActiveCfg = Release|x64
		{C034FBA3-210D-41D3-A459-A19063CBB159}.Release|x64.Build.0 = Release|x64
		{C034FBA3-210D-41D3-A459-A19063CBB159}.Release|x86.ActiveCfg = Release|Win32
		{C034FBA3-210D-41D3-A459-A19063CBB159}.Release|x86.Build.0 = Release|Win32
		{621D2A42-D521-4877-B5E8-6BF9B948F526}.Debug|x64.ActiveCfg = Debug|x64
		{621D2A42-D521-4877-B5E8-6BF9B948F526}.Debug|x64.Build.0 = Debug|x64
		{621D2A42-D521-4877-B5E8-6BF9B948F526}.Debug|x86.ActiveCfg = Debug|Win32
		{621D2A42-D521-4877-B5E8-6BF9B948F526}.Debug|x86.Build.0 = Debug|Win32
		{621D2A42-D521-4877-B5E8-6BF9B948F526}.Release|x64.ActiveCfg = Release|x64
		{621D2A42-D521-4877-B5E8-6BF9B948F526}.Release|x64.Build.0 = Release|x64
		{621D2A42-D521-4877-B5E8-6BF9B948F526}.Release|x86.ActiveCfg = Release|Win32
		{621D2A42-D521-4877-B5E8-6BF9B948F526}.Release|x86.Build.0 = Release|Win32
		{2D7050DC-08CF-467A-8185-1ACCCBFA5293}.Debug|x64.ActiveCfg = Debug|x64
		{2D7050DC-08CF-467A-8185-1ACCCBFA5293}.Debug|x64.Build.0 = Debug|x64
		{2D7050DC-08CF-467A-8185-1ACCCBFA5293}.Debug|x86.ActiveCfg = Debug|Win32
		{2D7050DC-08CF-467A-8185-1ACCCBFA5293}.Debug|x86.Build.0 = Debug|Win32
		{2D7050DC-08CF-467A-8185-1ACCCBFA5293}.Release|x64.ActiveCfg = Release|x64
		{2D7050DC-08CF-467A-8185-1ACCCBFA5293}.Release|x64.Build.0 = Release|x64
		{2D7050DC-08CF-467A-8185-1ACCCBFA5293}.Release|x86.ActiveCfg = Release|Win32
		{2D7050DC-08CF-467A-8185-1ACCCBFA5293}.Release|x86.Build.0 = Release|Win32
	EndGlobalSection
	GlobalSection(SolutionProperties) = preSolution
		HideSolutionNode = FALSE
	EndGlobalSection
	GlobalSection(ExtensibilityGlobals) = postSolution
		SolutionGuid = {15B70E8E-87D9-4B91-A984-F8E5285A0195}
	EndGlobalSection
EndGlobal
