
Microsoft Visual Studio Solution File, Format Version 12.00
# Visual Studio 15
VisualStudioVersion = 15.0.27703.2035
MinimumVisualStudioVersion = 10.0.40219.1
Project("{8BC9CEB8-8B4A-11D0-8D11-00A0C91BC942}") = "Vector3_Particulas", "Vector3_Particulas\Vector3_Particulas.vcxproj", "{9F89A95E-8500-49B5-BC52-721F6DC70152}"
EndProject
Global
	GlobalSection(SolutionConfigurationPlatforms) = preSolution
		Debug|x64 = Debug|x64
		Debug|x86 = Debug|x86
		Release|x64 = Release|x64
		Release|x86 = Release|x86
	EndGlobalSection
	GlobalSection(ProjectConfigurationPlatforms) = postSolution
		{9F89A95E-8500-49B5-BC52-721F6DC70152}.Debug|x64.ActiveCfg = Debug|x64
		{9F89A95E-8500-49B5-BC52-721F6DC70152}.Debug|x64.Build.0 = Debug|x64
		{9F89A95E-8500-49B5-BC52-721F6DC70152}.Debug|x86.ActiveCfg = Debug|Win32
		{9F89A95E-8500-49B5-BC52-721F6DC70152}.Debug|x86.Build.0 = Debug|Win32
		{9F89A95E-8500-49B5-BC52-721F6DC70152}.Release|x64.ActiveCfg = Release|x64
		{9F89A95E-8500-49B5-BC52-721F6DC70152}.Release|x64.Build.0 = Release|x64
		{9F89A95E-8500-49B5-BC52-721F6DC70152}.Release|x86.ActiveCfg = Release|Win32
		{9F89A95E-8500-49B5-BC52-721F6DC70152}.Release|x86.Build.0 = Release|Win32
	EndGlobalSection
	GlobalSection(SolutionProperties) = preSolution
		HideSolutionNode = FALSE
	EndGlobalSection
	GlobalSection(ExtensibilityGlobals) = postSolution
		SolutionGuid = {30C068C9-EB05-4119-B85D-49E5A92385E8}
	EndGlobalSection
EndGlobal
